
Microsoft Visual Studio Solution File, Format Version 12.00
# Visual Studio Version 17
VisualStudioVersion = 17.11.35312.102
MinimumVisualStudioVersion = 10.0.40219.1
Project("{FAE04EC0-301F-11D3-BF4B-00C04F79EFBC}") = "TestSSC", "TestSSC.csproj", "{5B065567-D596-4135-ACE7-A7991049EED8}"
EndProject
Global
	GlobalSection(SolutionConfigurationPlatforms) = preSolution
		Debug|Any CPU = Debug|Any CPU
		Release|Any CPU = Release|Any CPU
	EndGlobalSection
	GlobalSection(ProjectConfigurationPlatforms) = postSolution
		{5B065567-D596-4135-ACE7-A7991049EED8}.Debug|Any CPU.ActiveCfg = Debug|Any CPU
		{5B065567-D596-4135-ACE7-A7991049EED8}.Debug|Any CPU.Build.0 = Debug|Any CPU
		{5B065567-D596-4135-ACE7-A7991049EED8}.Release|Any CPU.ActiveCfg = Release|Any CPU
		{5B065567-D596-4135-ACE7-A7991049EED8}.Release|Any CPU.Build.0 = Release|Any CPU
	EndGlobalSection
	GlobalSection(SolutionProperties) = preSolution
		HideSolutionNode = FALSE
	EndGlobalSection
	GlobalSection(ExtensibilityGlobals) = postSolution
		SolutionGuid = {9EDFC8DE-0B48-4ADD-ACEE-1B20034E0F81}
	EndGlobalSection
EndGlobal
